
Microsoft Visual Studio Solution File, Format Version 12.00
# Visual Studio Version 16
VisualStudioVersion = 16.0.30011.22
MinimumVisualStudioVersion = 10.0.40219.1
Project("{FAE04EC0-301F-11D3-BF4B-00C04F79EFBC}") = "Lab4_3A", "Lab4_3A.csproj", "{EFB786B6-A667-417E-80B7-4CB2D21DCFA2}"
EndProject
Global
	GlobalSection(SolutionConfigurationPlatforms) = preSolution
		Debug|Any CPU = Debug|Any CPU
		Release|Any CPU = Release|Any CPU
	EndGlobalSection
	GlobalSection(ProjectConfigurationPlatforms) = postSolution
		{EFB786B6-A667-417E-80B7-4CB2D21DCFA2}.Debug|Any CPU.ActiveCfg = Debug|Any CPU
		{EFB786B6-A667-417E-80B7-4CB2D21DCFA2}.Debug|Any CPU.Build.0 = Debug|Any CPU
		{EFB786B6-A667-417E-80B7-4CB2D21DCFA2}.Release|Any CPU.ActiveCfg = Release|Any CPU
		{EFB786B6-A667-417E-80B7-4CB2D21DCFA2}.Release|Any CPU.Build.0 = Release|Any CPU
	EndGlobalSection
	GlobalSection(SolutionProperties) = preSolution
		HideSolutionNode = FALSE
	EndGlobalSection
	GlobalSection(ExtensibilityGlobals) = postSolution
		SolutionGuid = {2FDF7735-C5FA-4B31-8352-D6012EA2381B}
	EndGlobalSection
EndGlobal
